
Microsoft Visual Studio Solution File, Format Version 12.00
# Visual Studio Version 17
VisualStudioVersion = 17.10.35122.118
MinimumVisualStudioVersion = 10.0.40219.1
Project("{FAE04EC0-301F-11D3-BF4B-00C04F79EFBC}") = "LoloStore.API", "LoloStore.API.csproj", "{4AD52CE2-23A0-43A7-830D-9C4465E4FFB1}"
EndProject
Global
	GlobalSection(SolutionConfigurationPlatforms) = preSolution
		Debug|Any CPU = Debug|Any CPU
		Release|Any CPU = Release|Any CPU
	EndGlobalSection
	GlobalSection(ProjectConfigurationPlatforms) = postSolution
		{4AD52CE2-23A0-43A7-830D-9C4465E4FFB1}.Debug|Any CPU.ActiveCfg = Debug|Any CPU
		{4AD52CE2-23A0-43A7-830D-9C4465E4FFB1}.Debug|Any CPU.Build.0 = Debug|Any CPU
		{4AD52CE2-23A0-43A7-830D-9C4465E4FFB1}.Release|Any CPU.ActiveCfg = Release|Any CPU
		{4AD52CE2-23A0-43A7-830D-9C4465E4FFB1}.Release|Any CPU.Build.0 = Release|Any CPU
	EndGlobalSection
	GlobalSection(SolutionProperties) = preSolution
		HideSolutionNode = FALSE
	EndGlobalSection
	GlobalSection(ExtensibilityGlobals) = postSolution
		SolutionGuid = {3D0790E8-0DC4-41A0-950C-AC60CA1FB15D}
	EndGlobalSection
EndGlobal
